
Microsoft Visual Studio Solution File, Format Version 12.00
# Visual Studio Version 17
VisualStudioVersion = 17.0.32126.317
MinimumVisualStudioVersion = 10.0.40219.1
Project("{FAE04EC0-301F-11D3-BF4B-00C04F79EFBC}") = "PropMock", "PropMock\PropMock.csproj", "{7297AA2A-38C9-4D31-AB3B-FA0CF8FE5FFF}"
EndProject
Project("{FAE04EC0-301F-11D3-BF4B-00C04F79EFBC}") = "PropMockModels", "Models\PropMockModels.csproj", "{D4A50491-B401-47D6-BE2D-C318566730A8}"
EndProject
Project("{FAE04EC0-301F-11D3-BF4B-00C04F79EFBC}") = "PropDatabaseCore", "PropDatabaseCore\PropDatabaseCore.csproj", "{937707F5-D074-4D5F-B964-F5C9DB9A426C}"
EndProject
Global
	GlobalSection(SolutionConfigurationPlatforms) = preSolution
		Debug|Any CPU = Debug|Any CPU
		Release|Any CPU = Release|Any CPU
	EndGlobalSection
	GlobalSection(ProjectConfigurationPlatforms) = postSolution
		{7297AA2A-38C9-4D31-AB3B-FA0CF8FE5FFF}.Debug|Any CPU.ActiveCfg = Debug|Any CPU
		{7297AA2A-38C9-4D31-AB3B-FA0CF8FE5FFF}.Debug|Any CPU.Build.0 = Debug|Any CPU
		{7297AA2A-38C9-4D31-AB3B-FA0CF8FE5FFF}.Release|Any CPU.ActiveCfg = Release|Any CPU
		{7297AA2A-38C9-4D31-AB3B-FA0CF8FE5FFF}.Release|Any CPU.Build.0 = Release|Any CPU
		{D4A50491-B401-47D6-BE2D-C318566730A8}.Debug|Any CPU.ActiveCfg = Debug|Any CPU
		{D4A50491-B401-47D6-BE2D-C318566730A8}.Debug|Any CPU.Build.0 = Debug|Any CPU
		{D4A50491-B401-47D6-BE2D-C318566730A8}.Release|Any CPU.ActiveCfg = Release|Any CPU
		{D4A50491-B401-47D6-BE2D-C318566730A8}.Release|Any CPU.Build.0 = Release|Any CPU
		{937707F5-D074-4D5F-B964-F5C9DB9A426C}.Debug|Any CPU.ActiveCfg = Debug|Any CPU
		{937707F5-D074-4D5F-B964-F5C9DB9A426C}.Debug|Any CPU.Build.0 = Debug|Any CPU
		{937707F5-D074-4D5F-B964-F5C9DB9A426C}.Release|Any CPU.ActiveCfg = Release|Any CPU
		{937707F5-D074-4D5F-B964-F5C9DB9A426C}.Release|Any CPU.Build.0 = Release|Any CPU
	EndGlobalSection
	GlobalSection(SolutionProperties) = preSolution
		HideSolutionNode = FALSE
	EndGlobalSection
	GlobalSection(ExtensibilityGlobals) = postSolution
		SolutionGuid = {91837905-5437-4649-BB41-3A25172FF45C}
	EndGlobalSection
EndGlobal
